// !$*UTF8*$!
{
	archiveVersion = 1;
	classes = {
	};
	objectVersion = 46;
	objects = {

/* Begin PBXBuildFile section */
		0423C4DE1EAD4593000B2AEC /* AppDelegate.swift in Sources */ = {isa = PBXBuildFile; fileRef = 0423C4DD1EAD4593000B2AEC /* AppDelegate.swift */; };
		0423C4E01EAD4593000B2AEC /* ViewController.swift in Sources */ = {isa = PBXBuildFile; fileRef = 0423C4DF1EAD4593000B2AEC /* ViewController.swift */; };
		0423C4E31EAD4593000B2AEC /* Main.storyboard in Resources */ = {isa = PBXBuildFile; fileRef = 0423C4E11EAD4593000B2AEC /* Main.storyboard */; };
		0423C4E51EAD4593000B2AEC /* Assets.xcassets in Resources */ = {isa = PBXBuildFile; fileRef = 0423C4E41EAD4593000B2AEC /* Assets.xcassets */; };
		0423C4E81EAD4593000B2AEC /* LaunchScreen.storyboard in Resources */ = {isa = PBXBuildFile; fileRef = 0423C4E61EAD4593000B2AEC /* LaunchScreen.storyboard */; };
		0423C4F31EAD4593000B2AEC /* AceItTests.swift in Sources */ = {isa = PBXBuildFile; fileRef = 0423C4F21EAD4593000B2AEC /* AceItTests.swift */; };
/* End PBXBuildFile section */

/* Begin PBXContainerItemProxy section */
		0423C4EF1EAD4593000B2AEC /* PBXContainerItemProxy */ = {
			isa = PBXContainerItemProxy;
			containerPortal = 0423C4D21EAD4593000B2AEC /* Project object */;
			proxyType = 1;
			remoteGlobalIDString = 0423C4D91EAD4593000B2AEC;
			remoteInfo = AceIt;
		};
/* End PBXContainerItemProxy section */

/* Begin PBXFileReference section */
		0423C4DA1EAD4593000B2AEC /* AceIt.app */ = {isa = PBXFileReference; explicitFileType = wrapper.application; includeInIndex = 0; path = AceIt.app; sourceTree = BUILT_PRODUCTS_DIR; };
		0423C4DD1EAD4593000B2AEC /* AppDelegate.swift */ = {isa = PBXFileReference; lastKnownFileType = sourcecode.swift; path = AppDelegate.swift; sourceTree = "<group>"; };
		0423C4DF1EAD4593000B2AEC /* ViewController.swift */ = {isa = PBXFileReference; lastKnownFileType = sourcecode.swift; path = ViewController.swift; sourceTree = "<group>"; };
		0423C4E21EAD4593000B2AEC /* Base */ = {isa = PBXFileReference; lastKnownFileType = file.storyboard; name = Base; path = Base.lproj/Main.storyboard; sourceTree = "<group>"; };
		0423C4E41EAD4593000B2AEC /* Assets.xcassets */ = {isa = PBXFileReference; lastKnownFileType = folder.assetcatalog; path = Assets.xcassets; sourceTree = "<group>"; };
		0423C4E71EAD4593000B2AEC /* Base */ = {isa = PBXFileReference; lastKnownFileType = file.storyboard; name = Base; path = Base.lproj/LaunchScreen.storyboard; sourceTree = "<group>"; };
		0423C4E91EAD4593000B2AEC /* Info.plist */ = {isa = PBXFileReference; lastKnownFileType = text.plist.xml; path = Info.plist; sourceTree = "<group>"; };
		0423C4EE1EAD4593000B2AEC /* AceItTests.xctest */ = {isa = PBXFileReference; explicitFileType = wrapper.cfbundle; includeInIndex = 0; path = AceItTests.xctest; sourceTree = BUILT_PRODUCTS_DIR; };
		0423C4F21EAD4593000B2AEC /* AceItTests.swift */ = {isa = PBXFileReference; lastKnownFileType = sourcecode.swift; path = AceItTests.swift; sourceTree = "<group>"; };
		0423C4F41EAD4593000B2AEC /* Info.plist */ = {isa = PBXFileReference; lastKnownFileType = text.plist.xml; path = Info.plist; sourceTree = "<group>"; };
/* End PBXFileReference section */

/* Begin PBXFrameworksBuildPhase section */
		0423C4D71EAD4593000B2AEC /* Frameworks */ = {
			isa = PBXFrameworksBuildPhase;
			buildActionMask = 2147483647;
			files = (
			);
			runOnlyForDeploymentPostprocessing = 0;
		};
		0423C4EB1EAD4593000B2AEC /* Frameworks */ = {
			isa = PBXFrameworksBuildPhase;
			buildActionMask = 2147483647;
			files = (
			);
			runOnlyForDeploymentPostprocessing = 0;
		};
/* End PBXFrameworksBuildPhase section */

/* Begin PBXGroup section */
		0423C4D11EAD4593000B2AEC = {
			isa = PBXGroup;
			children = (
				0423C4DC1EAD4593000B2AEC /* AceIt */,
				0423C4F11EAD4593000B2AEC /* AceItTests */,
				0423C4DB1EAD4593000B2AEC /* Products */,
			);
			sourceTree = "<group>";
		};
		0423C4DB1EAD4593000B2AEC /* Products */ = {
			isa = PBXGroup;
			children = (
				0423C4DA1EAD4593000B2AEC /* AceIt.app */,
				0423C4EE1EAD4593000B2AEC /* AceItTests.xctest */,
			);
			name = Products;
			sourceTree = "<group>";
		};
		0423C4DC1EAD4593000B2AEC /* AceIt */ = {
			isa = PBXGroup;
			children = (
				0423C4DD1EAD4593000B2AEC /* AppDelegate.swift */,
				0423C4DF1EAD4593000B2AEC /* ViewController.swift */,
				0423C4E11EAD4593000B2AEC /* Main.storyboard */,
				0423C4E41EAD4593000B2AEC /* Assets.xcassets */,
				0423C4E61EAD4593000B2AEC /* LaunchScreen.storyboard */,
				0423C4E91EAD4593000B2AEC /* Info.plist */,
			);
			path = AceIt;
			sourceTree = "<group>";
		};
		0423C4F11EAD4593000B2AEC /* AceItTests */ = {
			isa = PBXGroup;
			children = (
				0423C4F21EAD4593000B2AEC /* AceItTests.swift */,
				0423C4F41EAD4593000B2AEC /* Info.plist */,
			);
			path = AceItTests;
			sourceTree = "<group>";
		};
/* End PBXGroup section */

/* Begin PBXNativeTarget section */
		0423C4D91EAD4593000B2AEC /* AceIt */ = {
			isa = PBXNativeTarget;
			buildConfigurationList = 0423C4F71EAD4593000B2AEC /* Build configuration list for PBXNativeTarget "AceIt" */;
			buildPhases = (
				0423C4D61EAD4593000B2AEC /* Sources */,
				0423C4D71EAD4593000B2AEC /* Frameworks */,
				0423C4D81EAD4593000B2AEC /* Resources */,
			);
			buildRules = (
			);
			dependencies = (
			);
			name = AceIt;
			productName = AceIt;
			productReference = 0423C4DA1EAD4593000B2AEC /* AceIt.app */;
			productType = "com.apple.product-type.application";
		};
		0423C4ED1EAD4593000B2AEC /* AceItTests */ = {
			isa = PBXNativeTarget;
			buildConfigurationList = 0423C4FA1EAD4593000B2AEC /* Build configuration list for PBXNativeTarget "AceItTests" */;
			buildPhases = (
				0423C4EA1EAD4593000B2AEC /* Sources */,
				0423C4EB1EAD4593000B2AEC /* Frameworks */,
				0423C4EC1EAD4593000B2AEC /* Resources */,
			);
			buildRules = (
			);
			dependencies = (
				0423C4F01EAD4593000B2AEC /* PBXTargetDependency */,
			);
			name = AceItTests;
			productName = AceItTests;
			productReference = 0423C4EE1EAD4593000B2AEC /* AceItTests.xctest */;
			productType = "com.apple.product-type.bundle.unit-test";
		};
/* End PBXNativeTarget section */

/* Begin PBXProject section */
		0423C4D21EAD4593000B2AEC /* Project object */ = {
			isa = PBXProject;
			attributes = {
				LastSwiftUpdateCheck = 0820;
				LastUpgradeCheck = 0820;
				ORGANIZATIONNAME = "Escuela Ameyalli";
				TargetAttributes = {
					0423C4D91EAD4593000B2AEC = {
						CreatedOnToolsVersion = 8.2.1;
						ProvisioningStyle = Automatic;
					};
					0423C4ED1EAD4593000B2AEC = {
						CreatedOnToolsVersion = 8.2.1;
						ProvisioningStyle = Automatic;
						TestTargetID = 0423C4D91EAD4593000B2AEC;
					};
				};
			};
			buildConfigurationList = 0423C4D51EAD4593000B2AEC /* Build configuration list for PBXProject "AceIt" */;
			compatibilityVersion = "Xcode 3.2";
			developmentRegion = English;
			hasScannedForEncodings = 0;
			knownRegions = (
				en,
				Base,
			);
			mainGroup = 0423C4D11EAD4593000B2AEC;
			productRefGroup = 0423C4DB1EAD4593000B2AEC /* Products */;
			projectDirPath = "";
			projectRoot = "";
			targets = (
				0423C4D91EAD4593000B2AEC /* AceIt */,
				0423C4ED1EAD4593000B2AEC /* AceItTests */,
			);
		};
/* End PBXProject section */

/* Begin PBXResourcesBuildPhase section */
		0423C4D81EAD4593000B2AEC /* Resources */ = {
			isa = PBXResourcesBuildPhase;
			buildActionMask = 2147483647;
			files = (
				0423C4E81EAD4593000B2AEC /* LaunchScreen.storyboard in Resources */,
				0423C4E51EAD4593000B2AEC /* Assets.xcassets in Resources */,
				0423C4E31EAD4593000B2AEC /* Main.storyboard in Resources */,
			);
			runOnlyForDeploymentPostprocessing = 0;
		};
		0423C4EC1EAD4593000B2AEC /* Resources */ = {
			isa = PBXResourcesBuildPhase;
			buildActionMask = 2147483647;
			files = (
			);
			runOnlyForDeploymentPostprocessing = 0;
		};
/* End PBXResourcesBuildPhase section */

/* Begin PBXSourcesBuildPhase section */
		0423C4D61EAD4593000B2AEC /* Sources */ = {
			isa = PBXSourcesBuildPhase;
			buildActionMask = 2147483647;
			files = (
				0423C4E01EAD4593000B2AEC /* ViewController.swift in Sources */,
				0423C4DE1EAD4593000B2AEC /* AppDelegate.swift in Sources */,
			);
			runOnlyForDeploymentPostprocessing = 0;
		};
		0423C4EA1EAD4593000B2AEC /* Sources */ = {
			isa = PBXSourcesBuildPhase;
			buildActionMask = 2147483647;
			files = (
				0423C4F31EAD4593000B2AEC /* AceItTests.swift in Sources */,
			);
			runOnlyForDeploymentPostprocessing = 0;
		};
/* End PBXSourcesBuildPhase section */

/* Begin PBXTargetDependency section */
		0423C4F01EAD4593000B2AEC /* PBXTargetDependency */ = {
			isa = PBXTargetDependency;
			target = 0423C4D91EAD4593000B2AEC /* AceIt */;
			targetProxy = 0423C4EF1EAD4593000B2AEC /* PBXContainerItemProxy */;
		};
/* End PBXTargetDependency section */

/* Begin PBXVariantGroup section */
		0423C4E11EAD4593000B2AEC /* Main.storyboard */ = {
			isa = PBXVariantGroup;
			children = (
				0423C4E21EAD4593000B2AEC /* Base */,
			);
			name = Main.storyboard;
			sourceTree = "<group>";
		};
		0423C4E61EAD4593000B2AEC /* LaunchScreen.storyboard */ = {
			isa = PBXVariantGroup;
			children = (
				0423C4E71EAD4593000B2AEC /* Base */,
			);
			name = LaunchScreen.storyboard;
			sourceTree = "<group>";
		};
/* End PBXVariantGroup section */

/* Begin XCBuildConfiguration section */
		0423C4F51EAD4593000B2AEC /* Debug */ = {
			isa = XCBuildConfiguration;
			buildSettings = {
				ALWAYS_SEARCH_USER_PATHS = NO;
				CLANG_ANALYZER_NONNULL = YES;
				CLANG_CXX_LANGUAGE_STANDARD = "gnu++0x";
				CLANG_CXX_LIBRARY = "libc++";
				CLANG_ENABLE_MODULES = YES;
				CLANG_ENABLE_OBJC_ARC = YES;
				CLANG_WARN_BOOL_CONVERSION = YES;
				CLANG_WARN_CONSTANT_CONVERSION = YES;
				CLANG_WARN_DIRECT_OBJC_ISA_USAGE = YES_ERROR;
				CLANG_WARN_DOCUMENTATION_COMMENTS = YES;
				CLANG_WARN_EMPTY_BODY = YES;
				CLANG_WARN_ENUM_CONVERSION = YES;
				CLANG_WARN_INFINITE_RECURSION = YES;
				CLANG_WARN_INT_CONVERSION = YES;
				CLANG_WARN_OBJC_ROOT_CLASS = YES_ERROR;
				CLANG_WARN_SUSPICIOUS_MOVE = YES;
				CLANG_WARN_UNREACHABLE_CODE = YES;
				CLANG_WARN__DUPLICATE_METHOD_MATCH = YES;
				"CODE_SIGN_IDENTITY[sdk=iphoneos*]" = "iPhone Developer";
				COPY_PHASE_STRIP = NO;
				DEBUG_INFORMATION_FORMAT = dwarf;
				ENABLE_STRICT_OBJC_MSGSEND = YES;
				ENABLE_TESTABILITY = YES;
				GCC_C_LANGUAGE_STANDARD = gnu99;
				GCC_DYNAMIC_NO_PIC = NO;
				GCC_NO_COMMON_BLOCKS = YES;
				GCC_OPTIMIZATION_LEVEL = 0;
				GCC_PREPROCESSOR_DEFINITIONS = (
					"DEBUG=1",
					"$(inherited)",
				);
				GCC_WARN_64_TO_32_BIT_CONVERSION = YES;
				GCC_WARN_ABOUT_RETURN_TYPE = YES_ERROR;
				GCC_WARN_UNDECLARED_SELECTOR = YES;
				GCC_WARN_UNINITIALIZED_AUTOS = YES_AGGRESSIVE;
				GCC_WARN_UNUSED_FUNCTION = YES;
				GCC_WARN_UNUSED_VARIABLE = YES;
				IPHONEOS_DEPLOYMENT_TARGET = 10.2;
				MTL_ENABLE_DEBUG_INFO = YES;
				ONLY_ACTIVE_ARCH = YES;
				SDKROOT = iphoneos;
				SWIFT_ACTIVE_COMPILATION_CONDITIONS = DEBUG;
				SWIFT_OPTIMIZATION_LEVEL = "-Onone";
				TARGETED_DEVICE_FAMILY = "1,2";
			};
			name = Debug;
		};
		0423C4F61EAD4593000B2AEC /* Release */ = {
			isa = XCBuildConfiguration;
			buildSettings = {
				ALWAYS_SEARCH_USER_PATHS = NO;
				CLANG_ANALYZER_NONNULL = YES;
				CLANG_CXX_LANGUAGE_STANDARD = "gnu++0x";
				CLANG_CXX_LIBRARY = "libc++";
				CLANG_ENABLE_MODULES = YES;
				CLANG_ENABLE_OBJC_ARC = YES;
				CLANG_WARN_BOOL_CONVERSION = YES;
				CLANG_WARN_CONSTANT_CONVERSION = YES;
				CLANG_WARN_DIRECT_OBJC_ISA_USAGE = YES_ERROR;
				CLANG_WARN_DOCUMENTATION_COMMENTS = YES;
				CLANG_WARN_EMPTY_BODY = YES;
				CLANG_WARN_ENUM_CONVERSION = YES;
				CLANG_WARN_INFINITE_RECURSION = YES;
				CLANG_WARN_INT_CONVERSION = YES;
				CLANG_WARN_OBJC_ROOT_CLASS = YES_ERROR;
				CLANG_WARN_SUSPICIOUS_MOVE = YES;
				CLANG_WARN_UNREACHABLE_CODE = YES;
				CLANG_WARN__DUPLICATE_METHOD_MATCH = YES;
				"CODE_SIGN_IDENTITY[sdk=iphoneos*]" = "iPhone Developer";
				COPY_PHASE_STRIP = NO;
				DEBUG_INFORMATION_FORMAT = "dwarf-with-dsym";
				ENABLE_NS_ASSERTIONS = NO;
				ENABLE_STRICT_OBJC_MSGSEND = YES;
				GCC_C_LANGUAGE_STANDARD = gnu99;
				GCC_NO_COMMON_BLOCKS = YES;
				GCC_WARN_64_TO_32_BIT_CONVERSION = YES;
				GCC_WARN_ABOUT_RETURN_TYPE = YES_ERROR;
				GCC_WARN_UNDECLARED_SELECTOR = YES;
				GCC_WARN_UNINITIALIZED_AUTOS = YES_AGGRESSIVE;
				GCC_WARN_UNUSED_FUNCTION = YES;
				GCC_WARN_UNUSED_VARIABLE = YES;
				IPHONEOS_DEPLOYMENT_TARGET = 10.2;
				MTL_ENABLE_DEBUG_INFO = NO;
				SDKROOT = iphoneos;
				SWIFT_OPTIMIZATION_LEVEL = "-Owholemodule";
				TARGETED_DEVICE_FAMILY = "1,2";
				VALIDATE_PRODUCT = YES;
			};
			name = Release;
		};
		0423C4F81EAD4593000B2AEC /* Debug */ = {
			isa = XCBuildConfiguration;
			buildSettings = {
				ASSETCATALOG_COMPILER_APPICON_NAME = AppIcon;
				INFOPLIST_FILE = AceIt/Info.plist;
				LD_RUNPATH_SEARCH_PATHS = "$(inherited) @executable_path/Frameworks";
				PRODUCT_BUNDLE_IDENTIFIER = com.codingTheRevolution.AceIt;
				PRODUCT_NAME = "$(TARGET_NAME)";
				SWIFT_VERSION = 3.0;
			};
			name = Debug;
		};
		0423C4F91EAD4593000B2AEC /* Release */ = {
			isa = XCBuildConfiguration;
			buildSettings = {
				ASSETCATALOG_COMPILER_APPICON_NAME = AppIcon;
				INFOPLIST_FILE = AceIt/Info.plist;
				LD_RUNPATH_SEARCH_PATHS = "$(inherited) @executable_path/Frameworks";
				PRODUCT_BUNDLE_IDENTIFIER = com.codingTheRevolution.AceIt;
				PRODUCT_NAME = "$(TARGET_NAME)";
				SWIFT_VERSION = 3.0;
			};
			name = Release;
		};
		0423C4FB1EAD4593000B2AEC /* Debug */ = {
			isa = XCBuildConfiguration;
			buildSettings = {
				ALWAYS_EMBED_SWIFT_STANDARD_LIBRARIES = YES;
				BUNDLE_LOADER = "$(TEST_HOST)";
				INFOPLIST_FILE = AceItTests/Info.plist;
				LD_RUNPATH_SEARCH_PATHS = "$(inherited) @executable_path/Frameworks @loader_path/Frameworks";
				PRODUCT_BUNDLE_IDENTIFIER = com.codingTheRevolution.AceItTests;
				PRODUCT_NAME = "$(TARGET_NAME)";
				SWIFT_VERSION = 3.0;
				TEST_HOST = "$(BUILT_PRODUCTS_DIR)/AceIt.app/AceIt";
			};
			name = Debug;
		};
		0423C4FC1EAD4593000B2AEC /* Release */ = {
			isa = XCBuildConfiguration;
			buildSettings = {
				ALWAYS_EMBED_SWIFT_STANDARD_LIBRARIES = YES;
				BUNDLE_LOADER = "$(TEST_HOST)";
				INFOPLIST_FILE = AceItTests/Info.plist;
				LD_RUNPATH_SEARCH_PATHS = "$(inherited) @executable_path/Frameworks @loader_path/Frameworks";
				PRODUCT_BUNDLE_IDENTIFIER = com.codingTheRevolution.AceItTests;
				PRODUCT_NAME = "$(TARGET_NAME)";
				SWIFT_VERSION = 3.0;
				TEST_HOST = "$(BUILT_PRODUCTS_DIR)/AceIt.app/AceIt";
			};
			name = Release;
		};
/* End XCBuildConfiguration section */

/* Begin XCConfigurationList section */
		0423C4D51EAD4593000B2AEC /* Build configuration list for PBXProject "AceIt" */ = {
			isa = XCConfigurationList;
			buildConfigurations = (
				0423C4F51EAD4593000B2AEC /* Debug */,
				0423C4F61EAD4593000B2AEC /* Release */,
			);
			defaultConfigurationIsVisible = 0;
			defaultConfigurationName = Release;
		};
		0423C4F71EAD4593000B2AEC /* Build configuration list for PBXNativeTarget "AceIt" */ = {
			isa = XCConfigurationList;
			buildConfigurations = (
				0423C4F81EAD4593000B2AEC /* Debug */,
				0423C4F91EAD4593000B2AEC /* Release */,
			);
			defaultConfigurationIsVisible = 0;
		};
		0423C4FA1EAD4593000B2AEC /* Build configuration list for PBXNativeTarget "AceItTests" */ = {
			isa = XCConfigurationList;
			buildConfigurations = (
				0423C4FB1EAD4593000B2AEC /* Debug */,
				0423C4FC1EAD4593000B2AEC /* Release */,
			);
			defaultConfigurationIsVisible = 0;
		};
/* End XCConfigurationList section */
	};
	rootObject = 0423C4D21EAD4593000B2AEC /* Project object */;
}
